
Microsoft Visual Studio Solution File, Format Version 12.00
# Visual Studio Version 16
VisualStudioVersion = 16.0.29509.3
MinimumVisualStudioVersion = 10.0.40219.1
Project("{FAE04EC0-301F-11D3-BF4B-00C04F79EFBC}") = "RamSearch", "RamSearch\RamSearch.csproj", "{8312D8DB-689D-40DA-9B20-D4269DF1F4B8}"
EndProject
Global
	GlobalSection(SolutionConfigurationPlatforms) = preSolution
		Debug|Any CPU = Debug|Any CPU
		Release|Any CPU = Release|Any CPU
	EndGlobalSection
	GlobalSection(ProjectConfigurationPlatforms) = postSolution
		{8312D8DB-689D-40DA-9B20-D4269DF1F4B8}.Debug|Any CPU.ActiveCfg = Debug|Any CPU
		{8312D8DB-689D-40DA-9B20-D4269DF1F4B8}.Debug|Any CPU.Build.0 = Debug|Any CPU
		{8312D8DB-689D-40DA-9B20-D4269DF1F4B8}.Release|Any CPU.ActiveCfg = Release|Any CPU
		{8312D8DB-689D-40DA-9B20-D4269DF1F4B8}.Release|Any CPU.Build.0 = Release|Any CPU
	EndGlobalSection
	GlobalSection(SolutionProperties) = preSolution
		HideSolutionNode = FALSE
	EndGlobalSection
	GlobalSection(ExtensibilityGlobals) = postSolution
		SolutionGuid = {2C3292BB-33BD-483E-B54B-A630EB33A32E}
	EndGlobalSection
EndGlobal
